
Microsoft Visual Studio Solution File, Format Version 12.00
# Visual Studio Version 17
VisualStudioVersion = 17.0.31903.59
MinimumVisualStudioVersion = 10.0.40219.1
Project("{9A19103F-16F7-4668-BE54-9A1E7A4F7556}") = "BankingCreditSystem.Core", "BankingCreditSystem.Core\BankingCreditSystem.Core.csproj", "{622425E6-249D-407C-B01C-8AAA921A9C2E}"
EndProject
Project("{9A19103F-16F7-4668-BE54-9A1E7A4F7556}") = "BankingCreditSystem.Domain", "BankingCreditSystem.Domain\BankingCreditSystem.Domain.csproj", "{C2B6B290-7D0C-423D-90E4-E9C06442E892}"
EndProject
Project("{9A19103F-16F7-4668-BE54-9A1E7A4F7556}") = "BankingCreditSystem.Application", "BankingCreditSystem.Application\BankingCreditSystem.Application.csproj", "{C8718543-9616-4D36-9E7E-7CF9C3B85CBF}"
EndProject
Project("{9A19103F-16F7-4668-BE54-9A1E7A4F7556}") = "BankingCreditSystem.Persistence", "BankingCreditSystem.Persistence\BankingCreditSystem.Persistence.csproj", "{5B94F1DF-835C-4282-8630-5C4E79ABF756}"
EndProject
Project("{9A19103F-16F7-4668-BE54-9A1E7A4F7556}") = "BankingCreditSystem.WebApi", "BankingCreditSystem.WebApi\BankingCreditSystem.WebApi.csproj", "{C0F98CA7-5708-4C1C-98FB-031E6E086E4E}"
EndProject
Global
	GlobalSection(SolutionConfigurationPlatforms) = preSolution
		Debug|Any CPU = Debug|Any CPU
		Release|Any CPU = Release|Any CPU
	EndGlobalSection
	GlobalSection(ProjectConfigurationPlatforms) = postSolution
		{622425E6-249D-407C-B01C-8AAA921A9C2E}.Debug|Any CPU.ActiveCfg = Debug|Any CPU
		{622425E6-249D-407C-B01C-8AAA921A9C2E}.Debug|Any CPU.Build.0 = Debug|Any CPU
		{622425E6-249D-407C-B01C-8AAA921A9C2E}.Release|Any CPU.ActiveCfg = Release|Any CPU
		{622425E6-249D-407C-B01C-8AAA921A9C2E}.Release|Any CPU.Build.0 = Release|Any CPU
		{C2B6B290-7D0C-423D-90E4-E9C06442E892}.Debug|Any CPU.ActiveCfg = Debug|Any CPU
		{C2B6B290-7D0C-423D-90E4-E9C06442E892}.Debug|Any CPU.Build.0 = Debug|Any CPU
		{C2B6B290-7D0C-423D-90E4-E9C06442E892}.Release|Any CPU.ActiveCfg = Release|Any CPU
		{C2B6B290-7D0C-423D-90E4-E9C06442E892}.Release|Any CPU.Build.0 = Release|Any CPU
		{C8718543-9616-4D36-9E7E-7CF9C3B85CBF}.Debug|Any CPU.ActiveCfg = Debug|Any CPU
		{C8718543-9616-4D36-9E7E-7CF9C3B85CBF}.Debug|Any CPU.Build.0 = Debug|Any CPU
		{C8718543-9616-4D36-9E7E-7CF9C3B85CBF}.Release|Any CPU.ActiveCfg = Release|Any CPU
		{C8718543-9616-4D36-9E7E-7CF9C3B85CBF}.Release|Any CPU.Build.0 = Release|Any CPU
		{5B94F1DF-835C-4282-8630-5C4E79ABF756}.Debug|Any CPU.ActiveCfg = Debug|Any CPU
		{5B94F1DF-835C-4282-8630-5C4E79ABF756}.Debug|Any CPU.Build.0 = Debug|Any CPU
		{5B94F1DF-835C-4282-8630-5C4E79ABF756}.Release|Any CPU.ActiveCfg = Release|Any CPU
		{5B94F1DF-835C-4282-8630-5C4E79ABF756}.Release|Any CPU.Build.0 = Release|Any CPU
		{C0F98CA7-5708-4C1C-98FB-031E6E086E4E}.Debug|Any CPU.ActiveCfg = Debug|Any CPU
		{C0F98CA7-5708-4C1C-98FB-031E6E086E4E}.Debug|Any CPU.Build.0 = Debug|Any CPU
		{C0F98CA7-5708-4C1C-98FB-031E6E086E4E}.Release|Any CPU.ActiveCfg = Release|Any CPU
		{C0F98CA7-5708-4C1C-98FB-031E6E086E4E}.Release|Any CPU.Build.0 = Release|Any CPU
	EndGlobalSection
	GlobalSection(SolutionProperties) = preSolution
		HideSolutionNode = FALSE
	EndGlobalSection
	GlobalSection(ExtensibilityGlobals) = postSolution
		SolutionGuid = {B9364771-5DB0-4524-A78F-413CC51F1D25}
	EndGlobalSection
EndGlobal
